
Microsoft Visual Studio Solution File, Format Version 12.00
Project("{FAE04EC0-301F-11D3-BF4B-00C04F79EFBC}") = "CSharpLabs", "CSharpLabs\CSharpLabs.csproj", "{BC2C403D-CFB2-443A-AEB9-716FEF457674}"
EndProject
Project("{2150E333-8FDC-42A3-9474-1A3956D46DE8}") = "Solution Items", "Solution Items", "{BB1D06D9-9760-42C5-A590-376935F608B1}"
	ProjectSection(SolutionItems) = preProject
		compose.yaml = compose.yaml
	EndProjectSection
EndProject
Project("{FAE04EC0-301F-11D3-BF4B-00C04F79EFBC}") = "ConsoleClient", "ConsoleClient\ConsoleClient.csproj", "{067E5812-A1A6-47FA-A635-59775C7261FF}"
EndProject
Global
	GlobalSection(SolutionConfigurationPlatforms) = preSolution
		Debug|Any CPU = Debug|Any CPU
		Release|Any CPU = Release|Any CPU
	EndGlobalSection
	GlobalSection(ProjectConfigurationPlatforms) = postSolution
		{BC2C403D-CFB2-443A-AEB9-716FEF457674}.Debug|Any CPU.ActiveCfg = Debug|Any CPU
		{BC2C403D-CFB2-443A-AEB9-716FEF457674}.Debug|Any CPU.Build.0 = Debug|Any CPU
		{BC2C403D-CFB2-443A-AEB9-716FEF457674}.Release|Any CPU.ActiveCfg = Release|Any CPU
		{BC2C403D-CFB2-443A-AEB9-716FEF457674}.Release|Any CPU.Build.0 = Release|Any CPU
		{067E5812-A1A6-47FA-A635-59775C7261FF}.Debug|Any CPU.ActiveCfg = Debug|Any CPU
		{067E5812-A1A6-47FA-A635-59775C7261FF}.Debug|Any CPU.Build.0 = Debug|Any CPU
		{067E5812-A1A6-47FA-A635-59775C7261FF}.Release|Any CPU.ActiveCfg = Release|Any CPU
		{067E5812-A1A6-47FA-A635-59775C7261FF}.Release|Any CPU.Build.0 = Release|Any CPU
	EndGlobalSection
EndGlobal
